
Microsoft Visual Studio Solution File, Format Version 12.00
# Visual Studio Version 16
VisualStudioVersion = 16.0.29613.14
MinimumVisualStudioVersion = 10.0.40219.1
Project("{FAE04EC0-301F-11D3-BF4B-00C04F79EFBC}") = "Image2Ascii", "Image2Ascii\Image2Ascii.csproj", "{301D6298-F787-428A-8D1A-C7D839C8FE97}"
EndProject
Project("{FAE04EC0-301F-11D3-BF4B-00C04F79EFBC}") = "Image2Ascii-Gui", "Image2Ascii-Gui\Image2Ascii-Gui.csproj", "{D7F1B692-E921-45F8-8755-E74D868146AE}"
EndProject
Global
	GlobalSection(SolutionConfigurationPlatforms) = preSolution
		Debug|Any CPU = Debug|Any CPU
		Release|Any CPU = Release|Any CPU
	EndGlobalSection
	GlobalSection(ProjectConfigurationPlatforms) = postSolution
		{301D6298-F787-428A-8D1A-C7D839C8FE97}.Debug|Any CPU.ActiveCfg = Debug|Any CPU
		{301D6298-F787-428A-8D1A-C7D839C8FE97}.Debug|Any CPU.Build.0 = Debug|Any CPU
		{301D6298-F787-428A-8D1A-C7D839C8FE97}.Release|Any CPU.ActiveCfg = Release|Any CPU
		{301D6298-F787-428A-8D1A-C7D839C8FE97}.Release|Any CPU.Build.0 = Release|Any CPU
		{D7F1B692-E921-45F8-8755-E74D868146AE}.Debug|Any CPU.ActiveCfg = Debug|Any CPU
		{D7F1B692-E921-45F8-8755-E74D868146AE}.Debug|Any CPU.Build.0 = Debug|Any CPU
		{D7F1B692-E921-45F8-8755-E74D868146AE}.Release|Any CPU.ActiveCfg = Release|Any CPU
		{D7F1B692-E921-45F8-8755-E74D868146AE}.Release|Any CPU.Build.0 = Release|Any CPU
	EndGlobalSection
	GlobalSection(SolutionProperties) = preSolution
		HideSolutionNode = FALSE
	EndGlobalSection
	GlobalSection(ExtensibilityGlobals) = postSolution
		SolutionGuid = {B5EE0B4D-4A2C-4E2F-AF90-B8870FE8BFD1}
	EndGlobalSection
EndGlobal
